
Microsoft Visual Studio Solution File, Format Version 12.00
# Visual Studio Version 17
VisualStudioVersion = 17.10.35122.118
MinimumVisualStudioVersion = 10.0.40219.1
Project("{9A19103F-16F7-4668-BE54-9A1E7A4F7556}") = "TreeImplementation", "TreeImplementation\TreeImplementation.csproj", "{F607619D-0AD5-4110-A928-096927FB4993}"
EndProject
Project("{FAE04EC0-301F-11D3-BF4B-00C04F79EFBC}") = "TreeImplementation-Test", "TreeImplementation-Test\TreeImplementation-Test.csproj", "{E155460E-E6F8-4209-B32A-274DA809C2FB}"
EndProject
Global
	GlobalSection(SolutionConfigurationPlatforms) = preSolution
		Debug|Any CPU = Debug|Any CPU
		Release|Any CPU = Release|Any CPU
	EndGlobalSection
	GlobalSection(ProjectConfigurationPlatforms) = postSolution
		{F607619D-0AD5-4110-A928-096927FB4993}.Debug|Any CPU.ActiveCfg = Debug|Any CPU
		{F607619D-0AD5-4110-A928-096927FB4993}.Debug|Any CPU.Build.0 = Debug|Any CPU
		{F607619D-0AD5-4110-A928-096927FB4993}.Release|Any CPU.ActiveCfg = Release|Any CPU
		{F607619D-0AD5-4110-A928-096927FB4993}.Release|Any CPU.Build.0 = Release|Any CPU
		{E155460E-E6F8-4209-B32A-274DA809C2FB}.Debug|Any CPU.ActiveCfg = Debug|Any CPU
		{E155460E-E6F8-4209-B32A-274DA809C2FB}.Debug|Any CPU.Build.0 = Debug|Any CPU
		{E155460E-E6F8-4209-B32A-274DA809C2FB}.Release|Any CPU.ActiveCfg = Release|Any CPU
		{E155460E-E6F8-4209-B32A-274DA809C2FB}.Release|Any CPU.Build.0 = Release|Any CPU
	EndGlobalSection
	GlobalSection(SolutionProperties) = preSolution
		HideSolutionNode = FALSE
	EndGlobalSection
	GlobalSection(ExtensibilityGlobals) = postSolution
		SolutionGuid = {0E4B8582-C1B4-4B11-B7BE-4C2137AAF40F}
	EndGlobalSection
EndGlobal
